PODS:
  - FSCalendar (2.8.2)
  - LGButton (1.1.6)

DEPENDENCIES:
  - FSCalendar
  - LGButton

SPEC REPOS:
  trunk:
    - FSCalendar
    - LGButton

SPEC CHECKSUMS:
  FSCalendar: e6a2eb9c571bf0719ed797ef807e08426753c241
  LGButton: 9f0a7f9d3030e3f504108342f6b66d64a429371b

PODFILE CHECKSUM: 7ff1c98ee765dc159c73f7ca7f4ff6f8955f142a

COCOAPODS: 1.10.0
